
Microsoft Visual Studio Solution File, Format Version 12.00
# Visual Studio 15
VisualStudioVersion = 15.0.28307.539
MinimumVisualStudioVersion = 10.0.40219.1
Project("{8BC9CEB8-8B4A-11D0-8D11-00A0C91BC942}") = "findLoop", "findLoop\findLoop.vcxproj", "{B2567D94-26DC-4B52-B625-F2006E3F8431}"
EndProject
Global
	GlobalSection(SolutionConfigurationPlatforms) = preSolution
		Release|x86 = Release|x86
	EndGlobalSection
	GlobalSection(ProjectConfigurationPlatforms) = postSolution
		{B2567D94-26DC-4B52-B625-F2006E3F8431}.Release|x86.ActiveCfg = Release|Win32
		{B2567D94-26DC-4B52-B625-F2006E3F8431}.Release|x86.Build.0 = Release|Win32
	EndGlobalSection
	GlobalSection(SolutionProperties) = preSolution
		HideSolutionNode = FALSE
	EndGlobalSection
	GlobalSection(ExtensibilityGlobals) = postSolution
		SolutionGuid = {5D2F0CEE-88CD-4607-82ED-549C333A1782}
	EndGlobalSection
EndGlobal
